
Microsoft Visual Studio Solution File, Format Version 12.00
# Visual Studio Version 16
VisualStudioVersion = 16.0.30413.136
MinimumVisualStudioVersion = 10.0.40219.1
Project("{9A19103F-16F7-4668-BE54-9A1E7A4F7556}") = "3.CW_27.09.2020", "3.CW_27.09.2020.csproj", "{292111CA-09EE-4932-A5F3-E491D9AD3AC5}"
EndProject
Project("{9A19103F-16F7-4668-BE54-9A1E7A4F7556}") = "4.CH_04.10.2020", "..\4.CW_04.10.2020\4.CH_04.10.2020.csproj", "{0E475144-B9D6-496D-88DC-10D611BC5A9E}"
EndProject
Project("{9A19103F-16F7-4668-BE54-9A1E7A4F7556}") = "1.HW_13.09.2020", "..\1.HW_13.09.2020\1.HW_13.09.2020.csproj", "{4C219625-754A-45D3-96C7-4F9D438C0997}"
EndProject
Project("{FAE04EC0-301F-11D3-BF4B-00C04F79EFBC}") = "5.CW_11.10.2020_WorldOfTanks", "..\5.CW_11.10.2020_WorldOfTanks\5.CW_11.10.2020_WorldOfTanks.csproj", "{60771EB6-08A9-486A-B052-7BAD2645E0B6}"
EndProject
Project("{9A19103F-16F7-4668-BE54-9A1E7A4F7556}") = "5.CW_11.10.2020_TanksLib", "..\5.CW_11.10.2020_TanksLib\5.CW_11.10.2020_TanksLib.csproj", "{87E3DB6F-7608-48D9-BD70-72413210D23F}"
EndProject
Project("{9A19103F-16F7-4668-BE54-9A1E7A4F7556}") = "5.CH_11.10.2020", "..\5.CW_11.10.2020\5.CH_11.10.2020.csproj", "{A34A80EC-60F0-4667-BF72-511A26F8AEFB}"
EndProject
Project("{9A19103F-16F7-4668-BE54-9A1E7A4F7556}") = "5._____11.10.2020.UnitTests", "..\5.CW_11.10.2020_test\5._____11.10.2020.UnitTests.csproj", "{72FF02DC-6F0F-43EC-9333-2EDA2B13A57F}"
EndProject
Project("{9A19103F-16F7-4668-BE54-9A1E7A4F7556}") = "1.CW_06.09.2020", "..\1.CW_06.09.2020\1.CW_06.09.2020.csproj", "{33B99974-AB0F-455A-BC08-A813473C5FC0}"
EndProject
Project("{9A19103F-16F7-4668-BE54-9A1E7A4F7556}") = "2.CW_20.09.2020", "..\2.CW_20.09.2020\2.CW_20.09.2020.csproj", "{A6C3C9F5-8CFC-4BF7-B2E6-7A4929762CE8}"
EndProject
Project("{9A19103F-16F7-4668-BE54-9A1E7A4F7556}") = "2.HW", "..\2.HW\2.HW.csproj", "{32EB9558-613F-497B-9C2A-C5AB4F66D3BF}"
EndProject
Project("{9A19103F-16F7-4668-BE54-9A1E7A4F7556}") = "3.HW", "..\3.HW\3.HW.csproj", "{BAE6A3C8-A65A-4A10-987B-DFC41EF99952}"
EndProject
Project("{9A19103F-16F7-4668-BE54-9A1E7A4F7556}") = "8.CW_1.11.2020_Collections", "..\8.CW_1.11.2020_Collections\8.CW_1.11.2020_Collections.csproj", "{227F5373-D150-47EB-8B41-F9E1E23914FB}"
EndProject
Project("{9A19103F-16F7-4668-BE54-9A1E7A4F7556}") = "9.CW_8.11.2020_Delegates", "..\9.CW_8.11.2020_Delegates\9.CW_8.11.2020_Delegates.csproj", "{D9713D9F-3052-4A18-8023-1D69D1F260FA}"
EndProject
Project("{9A19103F-16F7-4668-BE54-9A1E7A4F7556}") = "7.HW_8.11.2020_override_operators", "..\7.HW_8.11.2020_override_operators\7.HW_8.11.2020_override_operators.csproj", "{9E069C50-6776-4D2C-9566-2580A011738E}"
EndProject
Project("{9A19103F-16F7-4668-BE54-9A1E7A4F7556}") = "10.CW_15.11.2020_Streams", "..\10.CW_15.11.2020_Streams\10.CW_15.11.2020_Streams.csproj", "{A143E700-DDF6-4AC9-A735-8692E5DE586D}"
EndProject
Project("{9A19103F-16F7-4668-BE54-9A1E7A4F7556}") = "11.CW_22.11.2020_Serialization", "..\11.CW_22.11.2020_Serialization\11.CW_22.11.2020_Serialization.csproj", "{C9439BD0-712D-4809-A557-1D2D5FE3EE9C}"
EndProject
Project("{9A19103F-16F7-4668-BE54-9A1E7A4F7556}") = "11.CW_22.11.2020_ClassLib", "..\11.CW_22.11.2020_ClassLib\11.CW_22.11.2020_ClassLib.csproj", "{0A23AB99-22F2-49A6-BD01-19C6497F7C67}"
EndProject
Project("{9A19103F-16F7-4668-BE54-9A1E7A4F7556}") = "12.CW_29.11.2020_XML", "..\12.CW_29.11.2020_XML\12.CW_29.11.2020_XML.csproj", "{EDAEA1DC-8C71-4F7B-B2F3-A3A29758C183}"
EndProject
Project("{9A19103F-16F7-4668-BE54-9A1E7A4F7556}") = "12.CW_WeatherShower", "..\12.CW_WeatherShower\12.CW_WeatherShower.csproj", "{68AF1EBE-9EB1-4DC4-88B0-D4E0238E9CEB}"
EndProject
Project("{FAE04EC0-301F-11D3-BF4B-00C04F79EFBC}") = "13.CW_06.12.2020_use_win32_api", "..\13.CW_06.12.2020_\13.CW_06.12.2020_use_win32_api.csproj", "{E351066E-B4EF-41A1-8640-AA3E1C41868A}"
EndProject
Project("{8BC9CEB8-8B4A-11D0-8D11-00A0C91BC942}") = "SimpleCalc", "..\SimpleCalc\SimpleCalc.vcxproj", "{ABB9FDFF-8159-4D32-B207-5F0FF9007D6A}"
EndProject
Project("{FAE04EC0-301F-11D3-BF4B-00C04F79EFBC}") = "SimpleProject", "..\SimpleProject\SimpleProject.csproj", "{E5DB3ED5-8939-4E96-AF62-159DCECC2577}"
EndProject
Global
	GlobalSection(SolutionConfigurationPlatforms) = preSolution
		Debug|Any CPU = Debug|Any CPU
		Debug|x64 = Debug|x64
		Debug|x86 = Debug|x86
		Release|Any CPU = Release|Any CPU
		Release|x64 = Release|x64
		Release|x86 = Release|x86
	EndGlobalSection
	GlobalSection(ProjectConfigurationPlatforms) = postSolution
		{292111CA-09EE-4932-A5F3-E491D9AD3AC5}.Debug|Any CPU.ActiveCfg = Debug|Any CPU
		{292111CA-09EE-4932-A5F3-E491D9AD3AC5}.Debug|Any CPU.Build.0 = Debug|Any CPU
		{292111CA-09EE-4932-A5F3-E491D9AD3AC5}.Debug|x64.ActiveCfg = Debug|Any CPU
		{292111CA-09EE-4932-A5F3-E491D9AD3AC5}.Debug|x64.Build.0 = Debug|Any CPU
		{292111CA-09EE-4932-A5F3-E491D9AD3AC5}.Debug|x86.ActiveCfg = Debug|Any CPU
		{292111CA-09EE-4932-A5F3-E491D9AD3AC5}.Debug|x86.Build.0 = Debug|Any CPU
		{292111CA-09EE-4932-A5F3-E491D9AD3AC5}.Release|Any CPU.ActiveCfg = Release|Any CPU
		{292111CA-09EE-4932-A5F3-E491D9AD3AC5}.Release|Any CPU.Build.0 = Release|Any CPU
		{292111CA-09EE-4932-A5F3-E491D9AD3AC5}.Release|x64.ActiveCfg = Release|Any CPU
		{292111CA-09EE-4932-A5F3-E491D9AD3AC5}.Release|x64.Build.0 = Release|Any CPU
		{292111CA-09EE-4932-A5F3-E491D9AD3AC5}.Release|x86.ActiveCfg = Release|Any CPU
		{292111CA-09EE-4932-A5F3-E491D9AD3AC5}.Release|x86.Build.0 = Release|Any CPU
		{0E475144-B9D6-496D-88DC-10D611BC5A9E}.Debug|Any CPU.ActiveCfg = Debug|Any CPU
		{0E475144-B9D6-496D-88DC-10D611BC5A9E}.Debug|Any CPU.Build.0 = Debug|Any CPU
		{0E475144-B9D6-496D-88DC-10D611BC5A9E}.Debug|x64.ActiveCfg = Debug|Any CPU
		{0E475144-B9D6-496D-88DC-10D611BC5A9E}.Debug|x64.Build.0 = Debug|Any CPU
		{0E475144-B9D6-496D-88DC-10D611BC5A9E}.Debug|x86.ActiveCfg = Debug|Any CPU
		{0E475144-B9D6-496D-88DC-10D611BC5A9E}.Debug|x86.Build.0 = Debug|Any CPU
		{0E475144-B9D6-496D-88DC-10D611BC5A9E}.Release|Any CPU.ActiveCfg = Release|Any CPU
		{0E475144-B9D6-496D-88DC-10D611BC5A9E}.Release|Any CPU.Build.0 = Release|Any CPU
		{0E475144-B9D6-496D-88DC-10D611BC5A9E}.Release|x64.ActiveCfg = Release|Any CPU
		{0E475144-B9D6-496D-88DC-10D611BC5A9E}.Release|x64.Build.0 = Release|Any CPU
		{0E475144-B9D6-496D-88DC-10D611BC5A9E}.Release|x86.ActiveCfg = Release|Any CPU
		{0E475144-B9D6-496D-88DC-10D611BC5A9E}.Release|x86.Build.0 = Release|Any CPU
		{4C219625-754A-45D3-96C7-4F9D438C0997}.Debug|Any CPU.ActiveCfg = Debug|Any CPU
		{4C219625-754A-45D3-96C7-4F9D438C0997}.Debug|Any CPU.Build.0 = Debug|Any CPU
		{4C219625-754A-45D3-96C7-4F9D438C0997}.Debug|x64.ActiveCfg = Debug|Any CPU
		{4C219625-754A-45D3-96C7-4F9D438C0997}.Debug|x64.Build.0 = Debug|Any CPU
		{4C219625-754A-45D3-96C7-4F9D438C0997}.Debug|x86.ActiveCfg = Debug|Any CPU
		{4C219625-754A-45D3-96C7-4F9D438C0997}.Debug|x86.Build.0 = Debug|Any CPU
		{4C219625-754A-45D3-96C7-4F9D438C0997}.Release|Any CPU.ActiveCfg = Release|Any CPU
		{4C219625-754A-45D3-96C7-4F9D438C0997}.Release|Any CPU.Build.0 = Release|Any CPU
		{4C219625-754A-45D3-96C7-4F9D438C0997}.Release|x64.ActiveCfg = Release|Any CPU
		{4C219625-754A-45D3-96C7-4F9D438C0997}.Release|x64.Build.0 = Release|Any CPU
		{4C219625-754A-45D3-96C7-4F9D438C0997}.Release|x86.ActiveCfg = Release|Any CPU
		{4C219625-754A-45D3-96C7-4F9D438C0997}.Release|x86.Build.0 = Release|Any CPU
		{60771EB6-08A9-486A-B052-7BAD2645E0B6}.Debug|Any CPU.ActiveCfg = Debug|Any CPU
		{60771EB6-08A9-486A-B052-7BAD2645E0B6}.Debug|Any CPU.Build.0 = Debug|Any CPU
		{60771EB6-08A9-486A-B052-7BAD2645E0B6}.Debug|x64.ActiveCfg = Debug|Any CPU
		{60771EB6-08A9-486A-B052-7BAD2645E0B6}.Debug|x64.Build.0 = Debug|Any CPU
		{60771EB6-08A9-486A-B052-7BAD2645E0B6}.Debug|x86.ActiveCfg = Debug|Any CPU
		{60771EB6-08A9-486A-B052-7BAD2645E0B6}.Debug|x86.Build.0 = Debug|Any CPU
		{60771EB6-08A9-486A-B052-7BAD2645E0B6}.Release|Any CPU.ActiveCfg = Release|Any CPU
		{60771EB6-08A9-486A-B052-7BAD2645E0B6}.Release|Any CPU.Build.0 = Release|Any CPU
		{60771EB6-08A9-486A-B052-7BAD2645E0B6}.Release|x64.ActiveCfg = Release|Any CPU
		{60771EB6-08A9-486A-B052-7BAD2645E0B6}.Release|x64.Build.0 = Release|Any CPU
		{60771EB6-08A9-486A-B052-7BAD2645E0B6}.Release|x86.ActiveCfg = Release|Any CPU
		{60771EB6-08A9-486A-B052-7BAD2645E0B6}.Release|x86.Build.0 = Release|Any CPU
		{87E3DB6F-7608-48D9-BD70-72413210D23F}.Debug|Any CPU.ActiveCfg = Debug|Any CPU
		{87E3DB6F-7608-48D9-BD70-72413210D23F}.Debug|Any CPU.Build.0 = Debug|Any CPU
		{87E3DB6F-7608-48D9-BD70-72413210D23F}.Debug|x64.ActiveCfg = Debug|Any CPU
		{87E3DB6F-7608-48D9-BD70-72413210D23F}.Debug|x64.Build.0 = Debug|Any CPU
		{87E3DB6F-7608-48D9-BD70-72413210D23F}.Debug|x86.ActiveCfg = Debug|Any CPU
		{87E3DB6F-7608-48D9-BD70-72413210D23F}.Debug|x86.Build.0 = Debug|Any CPU
		{87E3DB6F-7608-48D9-BD70-72413210D23F}.Release|Any CPU.ActiveCfg = Release|Any CPU
		{87E3DB6F-7608-48D9-BD70-72413210D23F}.Release|Any CPU.Build.0 = Release|Any CPU
		{87E3DB6F-7608-48D9-BD70-72413210D23F}.Release|x64.ActiveCfg = Release|Any CPU
		{87E3DB6F-7608-48D9-BD70-72413210D23F}.Release|x64.Build.0 = Release|Any CPU
		{87E3DB6F-7608-48D9-BD70-72413210D23F}.Release|x86.ActiveCfg = Release|Any CPU
		{87E3DB6F-7608-48D9-BD70-72413210D23F}.Release|x86.Build.0 = Release|Any CPU
		{A34A80EC-60F0-4667-BF72-511A26F8AEFB}.Debug|Any CPU.ActiveCfg = Debug|Any CPU
		{A34A80EC-60F0-4667-BF72-511A26F8AEFB}.Debug|Any CPU.Build.0 = Debug|Any CPU
		{A34A80EC-60F0-4667-BF72-511A26F8AEFB}.Debug|x64.ActiveCfg = Debug|Any CPU
		{A34A80EC-60F0-4667-BF72-511A26F8AEFB}.Debug|x64.Build.0 = Debug|Any CPU
		{A34A80EC-60F0-4667-BF72-511A26F8AEFB}.Debug|x86.ActiveCfg = Debug|Any CPU
		{A34A80EC-60F0-4667-BF72-511A26F8AEFB}.Debug|x86.Build.0 = Debug|Any CPU
		{A34A80EC-60F0-4667-BF72-511A26F8AEFB}.Release|Any CPU.ActiveCfg = Release|Any CPU
		{A34A80EC-60F0-4667-BF72-511A26F8AEFB}.Release|Any CPU.Build.0 = Release|Any CPU
		{A34A80EC-60F0-4667-BF72-511A26F8AEFB}.Release|x64.ActiveCfg = Release|Any CPU
		{A34A80EC-60F0-4667-BF72-511A26F8AEFB}.Release|x64.Build.0 = Release|Any CPU
		{A34A80EC-60F0-4667-BF72-511A26F8AEFB}.Release|x86.ActiveCfg = Release|Any CPU
		{A34A80EC-60F0-4667-BF72-511A26F8AEFB}.Release|x86.Build.0 = Release|Any CPU
		{72FF02DC-6F0F-43EC-9333-2EDA2B13A57F}.Debug|Any CPU.ActiveCfg = Debug|Any CPU
		{72FF02DC-6F0F-43EC-9333-2EDA2B13A57F}.Debug|Any CPU.Build.0 = Debug|Any CPU
		{72FF02DC-6F0F-43EC-9333-2EDA2B13A57F}.Debug|x64.ActiveCfg = Debug|Any CPU
		{72FF02DC-6F0F-43EC-9333-2EDA2B13A57F}.Debug|x64.Build.0 = Debug|Any CPU
		{72FF02DC-6F0F-43EC-9333-2EDA2B13A57F}.Debug|x86.ActiveCfg = Debug|Any CPU
		{72FF02DC-6F0F-43EC-9333-2EDA2B13A57F}.Debug|x86.Build.0 = Debug|Any CPU
		{72FF02DC-6F0F-43EC-9333-2EDA2B13A57F}.Release|Any CPU.ActiveCfg = Release|Any CPU
		{72FF02DC-6F0F-43EC-9333-2EDA2B13A57F}.Release|Any CPU.Build.0 = Release|Any CPU
		{72FF02DC-6F0F-43EC-9333-2EDA2B13A57F}.Release|x64.ActiveCfg = Release|Any CPU
		{72FF02DC-6F0F-43EC-9333-2EDA2B13A57F}.Release|x64.Build.0 = Release|Any CPU
		{72FF02DC-6F0F-43EC-9333-2EDA2B13A57F}.Release|x86.ActiveCfg = Release|Any CPU
		{72FF02DC-6F0F-43EC-9333-2EDA2B13A57F}.Release|x86.Build.0 = Release|Any CPU
		{33B99974-AB0F-455A-BC08-A813473C5FC0}.Debug|Any CPU.ActiveCfg = Debug|Any CPU
		{33B99974-AB0F-455A-BC08-A813473C5FC0}.Debug|Any CPU.Build.0 = Debug|Any CPU
		{33B99974-AB0F-455A-BC08-A813473C5FC0}.Debug|x64.ActiveCfg = Debug|Any CPU
		{33B99974-AB0F-455A-BC08-A813473C5FC0}.Debug|x64.Build.0 = Debug|Any CPU
		{33B99974-AB0F-455A-BC08-A813473C5FC0}.Debug|x86.ActiveCfg = Debug|Any CPU
		{33B99974-AB0F-455A-BC08-A813473C5FC0}.Debug|x86.Build.0 = Debug|Any CPU
		{33B99974-AB0F-455A-BC08-A813473C5FC0}.Release|Any CPU.ActiveCfg = Release|Any CPU
		{33B99974-AB0F-455A-BC08-A813473C5FC0}.Release|Any CPU.Build.0 = Release|Any CPU
		{33B99974-AB0F-455A-BC08-A813473C5FC0}.Release|x64.ActiveCfg = Release|Any CPU
		{33B99974-AB0F-455A-BC08-A813473C5FC0}.Release|x64.Build.0 = Release|Any CPU
		{33B99974-AB0F-455A-BC08-A813473C5FC0}.Release|x86.ActiveCfg = Release|Any CPU
		{33B99974-AB0F-455A-BC08-A813473C5FC0}.Release|x86.Build.0 = Release|Any CPU
		{A6C3C9F5-8CFC-4BF7-B2E6-7A4929762CE8}.Debug|Any CPU.ActiveCfg = Debug|Any CPU
		{A6C3C9F5-8CFC-4BF7-B2E6-7A4929762CE8}.Debug|Any CPU.Build.0 = Debug|Any CPU
		{A6C3C9F5-8CFC-4BF7-B2E6-7A4929762CE8}.Debug|x64.ActiveCfg = Debug|Any CPU
		{A6C3C9F5-8CFC-4BF7-B2E6-7A4929762CE8}.Debug|x64.Build.0 = Debug|Any CPU
		{A6C3C9F5-8CFC-4BF7-B2E6-7A4929762CE8}.Debug|x86.ActiveCfg = Debug|Any CPU
		{A6C3C9F5-8CFC-4BF7-B2E6-7A4929762CE8}.Debug|x86.Build.0 = Debug|Any CPU
		{A6C3C9F5-8CFC-4BF7-B2E6-7A4929762CE8}.Release|Any CPU.ActiveCfg = Release|Any CPU
		{A6C3C9F5-8CFC-4BF7-B2E6-7A4929762CE8}.Release|Any CPU.Build.0 = Release|Any CPU
		{A6C3C9F5-8CFC-4BF7-B2E6-7A4929762CE8}.Release|x64.ActiveCfg = Release|Any CPU
		{A6C3C9F5-8CFC-4BF7-B2E6-7A4929762CE8}.Release|x64.Build.0 = Release|Any CPU
		{A6C3C9F5-8CFC-4BF7-B2E6-7A4929762CE8}.Release|x86.ActiveCfg = Release|Any CPU
		{A6C3C9F5-8CFC-4BF7-B2E6-7A4929762CE8}.Release|x86.Build.0 = Release|Any CPU
		{32EB9558-613F-497B-9C2A-C5AB4F66D3BF}.Debug|Any CPU.ActiveCfg = Debug|Any CPU
		{32EB9558-613F-497B-9C2A-C5AB4F66D3BF}.Debug|Any CPU.Build.0 = Debug|Any CPU
		{32EB9558-613F-497B-9C2A-C5AB4F66D3BF}.Debug|x64.ActiveCfg = Debug|Any CPU
		{32EB9558-613F-497B-9C2A-C5AB4F66D3BF}.Debug|x64.Build.0 = Debug|Any CPU
		{32EB9558-613F-497B-9C2A-C5AB4F66D3BF}.Debug|x86.ActiveCfg = Debug|Any CPU
		{32EB9558-613F-497B-9C2A-C5AB4F66D3BF}.Debug|x86.Build.0 = Debug|Any CPU
		{32EB9558-613F-497B-9C2A-C5AB4F66D3BF}.Release|Any CPU.ActiveCfg = Release|Any CPU
		{32EB9558-613F-497B-9C2A-C5AB4F66D3BF}.Release|Any CPU.Build.0 = Release|Any CPU
		{32EB9558-613F-497B-9C2A-C5AB4F66D3BF}.Release|x64.ActiveCfg = Release|Any CPU
		{32EB9558-613F-497B-9C2A-C5AB4F66D3BF}.Release|x64.Build.0 = Release|Any CPU
		{32EB9558-613F-497B-9C2A-C5AB4F66D3BF}.Release|x86.ActiveCfg = Release|Any CPU
		{32EB9558-613F-497B-9C2A-C5AB4F66D3BF}.Release|x86.Build.0 = Release|Any CPU
		{BAE6A3C8-A65A-4A10-987B-DFC41EF99952}.Debug|Any CPU.ActiveCfg = Debug|Any CPU
		{BAE6A3C8-A65A-4A10-987B-DFC41EF99952}.Debug|Any CPU.Build.0 = Debug|Any CPU
		{BAE6A3C8-A65A-4A10-987B-DFC41EF99952}.Debug|x64.ActiveCfg = Debug|Any CPU
		{BAE6A3C8-A65A-4A10-987B-DFC41EF99952}.Debug|x64.Build.0 = Debug|Any CPU
		{BAE6A3C8-A65A-4A10-987B-DFC41EF99952}.Debug|x86.ActiveCfg = Debug|Any CPU
		{BAE6A3C8-A65A-4A10-987B-DFC41EF99952}.Debug|x86.Build.0 = Debug|Any CPU
		{BAE6A3C8-A65A-4A10-987B-DFC41EF99952}.Release|Any CPU.ActiveCfg = Release|Any CPU
		{BAE6A3C8-A65A-4A10-987B-DFC41EF99952}.Release|Any CPU.Build.0 = Release|Any CPU
		{BAE6A3C8-A65A-4A10-987B-DFC41EF99952}.Release|x64.ActiveCfg = Release|Any CPU
		{BAE6A3C8-A65A-4A10-987B-DFC41EF99952}.Release|x64.Build.0 = Release|Any CPU
		{BAE6A3C8-A65A-4A10-987B-DFC41EF99952}.Release|x86.ActiveCfg = Release|Any CPU
		{BAE6A3C8-A65A-4A10-987B-DFC41EF99952}.Release|x86.Build.0 = Release|Any CPU
		{227F5373-D150-47EB-8B41-F9E1E23914FB}.Debug|Any CPU.ActiveCfg = Debug|Any CPU
		{227F5373-D150-47EB-8B41-F9E1E23914FB}.Debug|Any CPU.Build.0 = Debug|Any CPU
		{227F5373-D150-47EB-8B41-F9E1E23914FB}.Debug|x64.ActiveCfg = Debug|Any CPU
		{227F5373-D150-47EB-8B41-F9E1E23914FB}.Debug|x64.Build.0 = Debug|Any CPU
		{227F5373-D150-47EB-8B41-F9E1E23914FB}.Debug|x86.ActiveCfg = Debug|Any CPU
		{227F5373-D150-47EB-8B41-F9E1E23914FB}.Debug|x86.Build.0 = Debug|Any CPU
		{227F5373-D150-47EB-8B41-F9E1E23914FB}.Release|Any CPU.ActiveCfg = Release|Any CPU
		{227F5373-D150-47EB-8B41-F9E1E23914FB}.Release|Any CPU.Build.0 = Release|Any CPU
		{227F5373-D150-47EB-8B41-F9E1E23914FB}.Release|x64.ActiveCfg = Release|Any CPU
		{227F5373-D150-47EB-8B41-F9E1E23914FB}.Release|x64.Build.0 = Release|Any CPU
		{227F5373-D150-47EB-8B41-F9E1E23914FB}.Release|x86.ActiveCfg = Release|Any CPU
		{227F5373-D150-47EB-8B41-F9E1E23914FB}.Release|x86.Build.0 = Release|Any CPU
		{D9713D9F-3052-4A18-8023-1D69D1F260FA}.Debug|Any CPU.ActiveCfg = Debug|Any CPU
		{D9713D9F-3052-4A18-8023-1D69D1F260FA}.Debug|Any CPU.Build.0 = Debug|Any CPU
		{D9713D9F-3052-4A18-8023-1D69D1F260FA}.Debug|x64.ActiveCfg = Debug|Any CPU
		{D9713D9F-3052-4A18-8023-1D69D1F260FA}.Debug|x64.Build.0 = Debug|Any CPU
		{D9713D9F-3052-4A18-8023-1D69D1F260FA}.Debug|x86.ActiveCfg = Debug|Any CPU
		{D9713D9F-3052-4A18-8023-1D69D1F260FA}.Debug|x86.Build.0 = Debug|Any CPU
		{D9713D9F-3052-4A18-8023-1D69D1F260FA}.Release|Any CPU.ActiveCfg = Release|Any CPU
		{D9713D9F-3052-4A18-8023-1D69D1F260FA}.Release|Any CPU.Build.0 = Release|Any CPU
		{D9713D9F-3052-4A18-8023-1D69D1F260FA}.Release|x64.ActiveCfg = Release|Any CPU
		{D9713D9F-3052-4A18-8023-1D69D1F260FA}.Release|x64.Build.0 = Release|Any CPU
		{D9713D9F-3052-4A18-8023-1D69D1F260FA}.Release|x86.ActiveCfg = Release|Any CPU
		{D9713D9F-3052-4A18-8023-1D69D1F260FA}.Release|x86.Build.0 = Release|Any CPU
		{9E069C50-6776-4D2C-9566-2580A011738E}.Debug|Any CPU.ActiveCfg = Debug|Any CPU
		{9E069C50-6776-4D2C-9566-2580A011738E}.Debug|Any CPU.Build.0 = Debug|Any CPU
		{9E069C50-6776-4D2C-9566-2580A011738E}.Debug|x64.ActiveCfg = Debug|Any CPU
		{9E069C50-6776-4D2C-9566-2580A011738E}.Debug|x64.Build.0 = Debug|Any CPU
		{9E069C50-6776-4D2C-9566-2580A011738E}.Debug|x86.ActiveCfg = Debug|Any CPU
		{9E069C50-6776-4D2C-9566-2580A011738E}.Debug|x86.Build.0 = Debug|Any CPU
		{9E069C50-6776-4D2C-9566-2580A011738E}.Release|Any CPU.ActiveCfg = Release|Any CPU
		{9E069C50-6776-4D2C-9566-2580A011738E}.Release|Any CPU.Build.0 = Release|Any CPU
		{9E069C50-6776-4D2C-9566-2580A011738E}.Release|x64.ActiveCfg = Release|Any CPU
		{9E069C50-6776-4D2C-9566-2580A011738E}.Release|x64.Build.0 = Release|Any CPU
		{9E069C50-6776-4D2C-9566-2580A011738E}.Release|x86.ActiveCfg = Release|Any CPU
		{9E069C50-6776-4D2C-9566-2580A011738E}.Release|x86.Build.0 = Release|Any CPU
		{A143E700-DDF6-4AC9-A735-8692E5DE586D}.Debug|Any CPU.ActiveCfg = Debug|Any CPU
		{A143E700-DDF6-4AC9-A735-8692E5DE586D}.Debug|Any CPU.Build.0 = Debug|Any CPU
		{A143E700-DDF6-4AC9-A735-8692E5DE586D}.Debug|x64.ActiveCfg = Debug|Any CPU
		{A143E700-DDF6-4AC9-A735-8692E5DE586D}.Debug|x64.Build.0 = Debug|Any CPU
		{A143E700-DDF6-4AC9-A735-8692E5DE586D}.Debug|x86.ActiveCfg = Debug|Any CPU
		{A143E700-DDF6-4AC9-A735-8692E5DE586D}.Debug|x86.Build.0 = Debug|Any CPU
		{A143E700-DDF6-4AC9-A735-8692E5DE586D}.Release|Any CPU.ActiveCfg = Release|Any CPU
		{A143E700-DDF6-4AC9-A735-8692E5DE586D}.Release|Any CPU.Build.0 = Release|Any CPU
		{A143E700-DDF6-4AC9-A735-8692E5DE586D}.Release|x64.ActiveCfg = Release|Any CPU
		{A143E700-DDF6-4AC9-A735-8692E5DE586D}.Release|x64.Build.0 = Release|Any CPU
		{A143E700-DDF6-4AC9-A735-8692E5DE586D}.Release|x86.ActiveCfg = Release|Any CPU
		{A143E700-DDF6-4AC9-A735-8692E5DE586D}.Release|x86.Build.0 = Release|Any CPU
		{C9439BD0-712D-4809-A557-1D2D5FE3EE9C}.Debug|Any CPU.ActiveCfg = Debug|Any CPU
		{C9439BD0-712D-4809-A557-1D2D5FE3EE9C}.Debug|Any CPU.Build.0 = Debug|Any CPU
		{C9439BD0-712D-4809-A557-1D2D5FE3EE9C}.Debug|x64.ActiveCfg = Debug|Any CPU
		{C9439BD0-712D-4809-A557-1D2D5FE3EE9C}.Debug|x64.Build.0 = Debug|Any CPU
		{C9439BD0-712D-4809-A557-1D2D5FE3EE9C}.Debug|x86.ActiveCfg = Debug|Any CPU
		{C9439BD0-712D-4809-A557-1D2D5FE3EE9C}.Debug|x86.Build.0 = Debug|Any CPU
		{C9439BD0-712D-4809-A557-1D2D5FE3EE9C}.Release|Any CPU.ActiveCfg = Release|Any CPU
		{C9439BD0-712D-4809-A557-1D2D5FE3EE9C}.Release|Any CPU.Build.0 = Release|Any CPU
		{C9439BD0-712D-4809-A557-1D2D5FE3EE9C}.Release|x64.ActiveCfg = Release|Any CPU
		{C9439BD0-712D-4809-A557-1D2D5FE3EE9C}.Release|x64.Build.0 = Release|Any CPU
		{C9439BD0-712D-4809-A557-1D2D5FE3EE9C}.Release|x86.ActiveCfg = Release|Any CPU
		{C9439BD0-712D-4809-A557-1D2D5FE3EE9C}.Release|x86.Build.0 = Release|Any CPU
		{0A23AB99-22F2-49A6-BD01-19C6497F7C67}.Debug|Any CPU.ActiveCfg = Debug|Any CPU
		{0A23AB99-22F2-49A6-BD01-19C6497F7C67}.Debug|Any CPU.Build.0 = Debug|Any CPU
		{0A23AB99-22F2-49A6-BD01-19C6497F7C67}.Debug|x64.ActiveCfg = Debug|Any CPU
		{0A23AB99-22F2-49A6-BD01-19C6497F7C67}.Debug|x64.Build.0 = Debug|Any CPU
		{0A23AB99-22F2-49A6-BD01-19C6497F7C67}.Debug|x86.ActiveCfg = Debug|Any CPU
		{0A23AB99-22F2-49A6-BD01-19C6497F7C67}.Debug|x86.Build.0 = Debug|Any CPU
		{0A23AB99-22F2-49A6-BD01-19C6497F7C67}.Release|Any CPU.ActiveCfg = Release|Any CPU
		{0A23AB99-22F2-49A6-BD01-19C6497F7C67}.Release|Any CPU.Build.0 = Release|Any CPU
		{0A23AB99-22F2-49A6-BD01-19C6497F7C67}.Release|x64.ActiveCfg = Release|Any CPU
		{0A23AB99-22F2-49A6-BD01-19C6497F7C67}.Release|x64.Build.0 = Release|Any CPU
		{0A23AB99-22F2-49A6-BD01-19C6497F7C67}.Release|x86.ActiveCfg = Release|Any CPU
		{0A23AB99-22F2-49A6-BD01-19C6497F7C67}.Release|x86.Build.0 = Release|Any CPU
		{EDAEA1DC-8C71-4F7B-B2F3-A3A29758C183}.Debug|Any CPU.ActiveCfg = Debug|Any CPU
		{EDAEA1DC-8C71-4F7B-B2F3-A3A29758C183}.Debug|Any CPU.Build.0 = Debug|Any CPU
		{EDAEA1DC-8C71-4F7B-B2F3-A3A29758C183}.Debug|x64.ActiveCfg = Debug|Any CPU
		{EDAEA1DC-8C71-4F7B-B2F3-A3A29758C183}.Debug|x64.Build.0 = Debug|Any CPU
		{EDAEA1DC-8C71-4F7B-B2F3-A3A29758C183}.Debug|x86.ActiveCfg = Debug|Any CPU
		{EDAEA1DC-8C71-4F7B-B2F3-A3A29758C183}.Debug|x86.Build.0 = Debug|Any CPU
		{EDAEA1DC-8C71-4F7B-B2F3-A3A29758C183}.Release|Any CPU.ActiveCfg = Release|Any CPU
		{EDAEA1DC-8C71-4F7B-B2F3-A3A29758C183}.Release|Any CPU.Build.0 = Release|Any CPU
		{EDAEA1DC-8C71-4F7B-B2F3-A3A29758C183}.Release|x64.ActiveCfg = Release|Any CPU
		{EDAEA1DC-8C71-4F7B-B2F3-A3A29758C183}.Release|x64.Build.0 = Release|Any CPU
		{EDAEA1DC-8C71-4F7B-B2F3-A3A29758C183}.Release|x86.ActiveCfg = Release|Any CPU
		{EDAEA1DC-8C71-4F7B-B2F3-A3A29758C183}.Release|x86.Build.0 = Release|Any CPU
		{68AF1EBE-9EB1-4DC4-88B0-D4E0238E9CEB}.Debug|Any CPU.ActiveCfg = Debug|Any CPU
		{68AF1EBE-9EB1-4DC4-88B0-D4E0238E9CEB}.Debug|Any CPU.Build.0 = Debug|Any CPU
		{68AF1EBE-9EB1-4DC4-88B0-D4E0238E9CEB}.Debug|x64.ActiveCfg = Debug|Any CPU
		{68AF1EBE-9EB1-4DC4-88B0-D4E0238E9CEB}.Debug|x64.Build.0 = Debug|Any CPU
		{68AF1EBE-9EB1-4DC4-88B0-D4E0238E9CEB}.Debug|x86.ActiveCfg = Debug|Any CPU
		{68AF1EBE-9EB1-4DC4-88B0-D4E0238E9CEB}.Debug|x86.Build.0 = Debug|Any CPU
		{68AF1EBE-9EB1-4DC4-88B0-D4E0238E9CEB}.Release|Any CPU.ActiveCfg = Release|Any CPU
		{68AF1EBE-9EB1-4DC4-88B0-D4E0238E9CEB}.Release|Any CPU.Build.0 = Release|Any CPU
		{68AF1EBE-9EB1-4DC4-88B0-D4E0238E9CEB}.Release|x64.ActiveCfg = Release|Any CPU
		{68AF1EBE-9EB1-4DC4-88B0-D4E0238E9CEB}.Release|x64.Build.0 = Release|Any CPU
		{68AF1EBE-9EB1-4DC4-88B0-D4E0238E9CEB}.Release|x86.ActiveCfg = Release|Any CPU
		{68AF1EBE-9EB1-4DC4-88B0-D4E0238E9CEB}.Release|x86.Build.0 = Release|Any CPU
		{E351066E-B4EF-41A1-8640-AA3E1C41868A}.Debug|Any CPU.ActiveCfg = Debug|Any CPU
		{E351066E-B4EF-41A1-8640-AA3E1C41868A}.Debug|Any CPU.Build.0 = Debug|Any CPU
		{E351066E-B4EF-41A1-8640-AA3E1C41868A}.Debug|x64.ActiveCfg = Debug|Any CPU
		{E351066E-B4EF-41A1-8640-AA3E1C41868A}.Debug|x64.Build.0 = Debug|Any CPU
		{E351066E-B4EF-41A1-8640-AA3E1C41868A}.Debug|x86.ActiveCfg = Debug|Any CPU
		{E351066E-B4EF-41A1-8640-AA3E1C41868A}.Debug|x86.Build.0 = Debug|Any CPU
		{E351066E-B4EF-41A1-8640-AA3E1C41868A}.Release|Any CPU.ActiveCfg = Release|Any CPU
		{E351066E-B4EF-41A1-8640-AA3E1C41868A}.Release|Any CPU.Build.0 = Release|Any CPU
		{E351066E-B4EF-41A1-8640-AA3E1C41868A}.Release|x64.ActiveCfg = Release|Any CPU
		{E351066E-B4EF-41A1-8640-AA3E1C41868A}.Release|x64.Build.0 = Release|Any CPU
		{E351066E-B4EF-41A1-8640-AA3E1C41868A}.Release|x86.ActiveCfg = Release|Any CPU
		{E351066E-B4EF-41A1-8640-AA3E1C41868A}.Release|x86.Build.0 = Release|Any CPU
		{ABB9FDFF-8159-4D32-B207-5F0FF9007D6A}.Debug|Any CPU.ActiveCfg = Debug|Win32
		{ABB9FDFF-8159-4D32-B207-5F0FF9007D6A}.Debug|x64.ActiveCfg = Debug|x64
		{ABB9FDFF-8159-4D32-B207-5F0FF9007D6A}.Debug|x64.Build.0 = Debug|x64
		{ABB9FDFF-8159-4D32-B207-5F0FF9007D6A}.Debug|x86.ActiveCfg = Debug|Win32
		{ABB9FDFF-8159-4D32-B207-5F0FF9007D6A}.Debug|x86.Build.0 = Debug|Win32
		{ABB9FDFF-8159-4D32-B207-5F0FF9007D6A}.Release|Any CPU.ActiveCfg = Release|Win32
		{ABB9FDFF-8159-4D32-B207-5F0FF9007D6A}.Release|x64.ActiveCfg = Release|x64
		{ABB9FDFF-8159-4D32-B207-5F0FF9007D6A}.Release|x64.Build.0 = Release|x64
		{ABB9FDFF-8159-4D32-B207-5F0FF9007D6A}.Release|x86.ActiveCfg = Release|Win32
		{ABB9FDFF-8159-4D32-B207-5F0FF9007D6A}.Release|x86.Build.0 = Release|Win32
		{E5DB3ED5-8939-4E96-AF62-159DCECC2577}.Debug|Any CPU.ActiveCfg = Debug|Any CPU
		{E5DB3ED5-8939-4E96-AF62-159DCECC2577}.Debug|Any CPU.Build.0 = Debug|Any CPU
		{E5DB3ED5-8939-4E96-AF62-159DCECC2577}.Debug|x64.ActiveCfg = Debug|Any CPU
		{E5DB3ED5-8939-4E96-AF62-159DCECC2577}.Debug|x64.Build.0 = Debug|Any CPU
		{E5DB3ED5-8939-4E96-AF62-159DCECC2577}.Debug|x86.ActiveCfg = Debug|Any CPU
		{E5DB3ED5-8939-4E96-AF62-159DCECC2577}.Debug|x86.Build.0 = Debug|Any CPU
		{E5DB3ED5-8939-4E96-AF62-159DCECC2577}.Release|Any CPU.ActiveCfg = Release|Any CPU
		{E5DB3ED5-8939-4E96-AF62-159DCECC2577}.Release|Any CPU.Build.0 = Release|Any CPU
		{E5DB3ED5-8939-4E96-AF62-159DCECC2577}.Release|x64.ActiveCfg = Release|Any CPU
		{E5DB3ED5-8939-4E96-AF62-159DCECC2577}.Release|x64.Build.0 = Release|Any CPU
		{E5DB3ED5-8939-4E96-AF62-159DCECC2577}.Release|x86.ActiveCfg = Release|Any CPU
		{E5DB3ED5-8939-4E96-AF62-159DCECC2577}.Release|x86.Build.0 = Release|Any CPU
	EndGlobalSection
	GlobalSection(SolutionProperties) = preSolution
		HideSolutionNode = FALSE
	EndGlobalSection
	GlobalSection(ExtensibilityGlobals) = postSolution
		SolutionGuid = {600D19D6-1627-43A0-9556-0D1BF24D18C3}
	EndGlobalSection
EndGlobal
