
Microsoft Visual Studio Solution File, Format Version 12.00
# Visual Studio Version 16
VisualStudioVersion = 16.0.30413.136
MinimumVisualStudioVersion = 10.0.40219.1
Project("{9A19103F-16F7-4668-BE54-9A1E7A4F7556}") = "3.CW_27.09.2020", "3.CW_27.09.2020.csproj", "{292111CA-09EE-4932-A5F3-E491D9AD3AC5}"
EndProject
Project("{9A19103F-16F7-4668-BE54-9A1E7A4F7556}") = "4.CH_04.10.2020", "..\4.CW_04.10.2020\4.CH_04.10.2020.csproj", "{0E475144-B9D6-496D-88DC-10D611BC5A9E}"
EndProject
Project("{9A19103F-16F7-4668-BE54-9A1E7A4F7556}") = "1.HW_13.09.2020", "..\1.HW_13.09.2020\1.HW_13.09.2020.csproj", "{4C219625-754A-45D3-96C7-4F9D438C0997}"
EndProject
Project("{FAE04EC0-301F-11D3-BF4B-00C04F79EFBC}") = "5.CW_11.10.2020_WorldOfTanks", "..\5.CW_11.10.2020_WorldOfTanks\5.CW_11.10.2020_WorldOfTanks.csproj", "{60771EB6-08A9-486A-B052-7BAD2645E0B6}"
EndProject
Project("{9A19103F-16F7-4668-BE54-9A1E7A4F7556}") = "5.CW_11.10.2020_TanksLib", "..\5.CW_11.10.2020_TanksLib\5.CW_11.10.2020_TanksLib.csproj", "{87E3DB6F-7608-48D9-BD70-72413210D23F}"
EndProject
Project("{9A19103F-16F7-4668-BE54-9A1E7A4F7556}") = "5.CH_11.10.2020", "..\5.CW_11.10.2020\5.CH_11.10.2020.csproj", "{A34A80EC-60F0-4667-BF72-511A26F8AEFB}"
EndProject
Project("{9A19103F-16F7-4668-BE54-9A1E7A4F7556}") = "5._____11.10.2020.UnitTests", "..\5.CW_11.10.2020_test\5._____11.10.2020.UnitTests.csproj", "{72FF02DC-6F0F-43EC-9333-2EDA2B13A57F}"
EndProject
Project("{9A19103F-16F7-4668-BE54-9A1E7A4F7556}") = "1.CW_06.09.2020", "..\1.CW_06.09.2020\1.CW_06.09.2020.csproj", "{33B99974-AB0F-455A-BC08-A813473C5FC0}"
EndProject
Project("{9A19103F-16F7-4668-BE54-9A1E7A4F7556}") = "2.CW_20.09.2020", "..\2.CW_20.09.2020\2.CW_20.09.2020.csproj", "{A6C3C9F5-8CFC-4BF7-B2E6-7A4929762CE8}"
EndProject
Project("{9A19103F-16F7-4668-BE54-9A1E7A4F7556}") = "2.HW", "..\2.HW\2.HW.csproj", "{32EB9558-613F-497B-9C2A-C5AB4F66D3BF}"
EndProject
Project("{9A19103F-16F7-4668-BE54-9A1E7A4F7556}") = "3.HW", "..\3.HW\3.HW.csproj", "{BAE6A3C8-A65A-4A10-987B-DFC41EF99952}"
EndProject
Project("{9A19103F-16F7-4668-BE54-9A1E7A4F7556}") = "8.CW_1.11.2020_Collections", "..\8.CW_1.11.2020_Collections\8.CW_1.11.2020_Collections.csproj", "{227F5373-D150-47EB-8B41-F9E1E23914FB}"
EndProject
Project("{FAE04EC0-301F-11D3-BF4B-00C04F79EFBC}") = "9.CW_8.11.2020_Delegates", "..\9.CW_8.11.2020_Delegates\9.CW_8.11.2020_Delegates.csproj", "{D9713D9F-3052-4A18-8023-1D69D1F260FA}"
EndProject
Project("{FAE04EC0-301F-11D3-BF4B-00C04F79EFBC}") = "7.HW_8.11.2020_override_operators", "..\7.HW_8.11.2020_override_operators\7.HW_8.11.2020_override_operators.csproj", "{9E069C50-6776-4D2C-9566-2580A011738E}"
EndProject
Global
	GlobalSection(SolutionConfigurationPlatforms) = preSolution
		Debug|Any CPU = Debug|Any CPU
		Release|Any CPU = Release|Any CPU
	EndGlobalSection
	GlobalSection(ProjectConfigurationPlatforms) = postSolution
		{292111CA-09EE-4932-A5F3-E491D9AD3AC5}.Debug|Any CPU.ActiveCfg = Debug|Any CPU
		{292111CA-09EE-4932-A5F3-E491D9AD3AC5}.Debug|Any CPU.Build.0 = Debug|Any CPU
		{292111CA-09EE-4932-A5F3-E491D9AD3AC5}.Release|Any CPU.ActiveCfg = Release|Any CPU
		{292111CA-09EE-4932-A5F3-E491D9AD3AC5}.Release|Any CPU.Build.0 = Release|Any CPU
		{0E475144-B9D6-496D-88DC-10D611BC5A9E}.Debug|Any CPU.ActiveCfg = Debug|Any CPU
		{0E475144-B9D6-496D-88DC-10D611BC5A9E}.Debug|Any CPU.Build.0 = Debug|Any CPU
		{0E475144-B9D6-496D-88DC-10D611BC5A9E}.Release|Any CPU.ActiveCfg = Release|Any CPU
		{0E475144-B9D6-496D-88DC-10D611BC5A9E}.Release|Any CPU.Build.0 = Release|Any CPU
		{4C219625-754A-45D3-96C7-4F9D438C0997}.Debug|Any CPU.ActiveCfg = Debug|Any CPU
		{4C219625-754A-45D3-96C7-4F9D438C0997}.Debug|Any CPU.Build.0 = Debug|Any CPU
		{4C219625-754A-45D3-96C7-4F9D438C0997}.Release|Any CPU.ActiveCfg = Release|Any CPU
		{4C219625-754A-45D3-96C7-4F9D438C0997}.Release|Any CPU.Build.0 = Release|Any CPU
		{60771EB6-08A9-486A-B052-7BAD2645E0B6}.Debug|Any CPU.ActiveCfg = Debug|Any CPU
		{60771EB6-08A9-486A-B052-7BAD2645E0B6}.Debug|Any CPU.Build.0 = Debug|Any CPU
		{60771EB6-08A9-486A-B052-7BAD2645E0B6}.Release|Any CPU.ActiveCfg = Release|Any CPU
		{60771EB6-08A9-486A-B052-7BAD2645E0B6}.Release|Any CPU.Build.0 = Release|Any CPU
		{87E3DB6F-7608-48D9-BD70-72413210D23F}.Debug|Any CPU.ActiveCfg = Debug|Any CPU
		{87E3DB6F-7608-48D9-BD70-72413210D23F}.Debug|Any CPU.Build.0 = Debug|Any CPU
		{87E3DB6F-7608-48D9-BD70-72413210D23F}.Release|Any CPU.ActiveCfg = Release|Any CPU
		{87E3DB6F-7608-48D9-BD70-72413210D23F}.Release|Any CPU.Build.0 = Release|Any CPU
		{A34A80EC-60F0-4667-BF72-511A26F8AEFB}.Debug|Any CPU.ActiveCfg = Debug|Any CPU
		{A34A80EC-60F0-4667-BF72-511A26F8AEFB}.Debug|Any CPU.Build.0 = Debug|Any CPU
		{A34A80EC-60F0-4667-BF72-511A26F8AEFB}.Release|Any CPU.ActiveCfg = Release|Any CPU
		{A34A80EC-60F0-4667-BF72-511A26F8AEFB}.Release|Any CPU.Build.0 = Release|Any CPU
		{72FF02DC-6F0F-43EC-9333-2EDA2B13A57F}.Debug|Any CPU.ActiveCfg = Debug|Any CPU
		{72FF02DC-6F0F-43EC-9333-2EDA2B13A57F}.Debug|Any CPU.Build.0 = Debug|Any CPU
		{72FF02DC-6F0F-43EC-9333-2EDA2B13A57F}.Release|Any CPU.ActiveCfg = Release|Any CPU
		{72FF02DC-6F0F-43EC-9333-2EDA2B13A57F}.Release|Any CPU.Build.0 = Release|Any CPU
		{33B99974-AB0F-455A-BC08-A813473C5FC0}.Debug|Any CPU.ActiveCfg = Debug|Any CPU
		{33B99974-AB0F-455A-BC08-A813473C5FC0}.Debug|Any CPU.Build.0 = Debug|Any CPU
		{33B99974-AB0F-455A-BC08-A813473C5FC0}.Release|Any CPU.ActiveCfg = Release|Any CPU
		{33B99974-AB0F-455A-BC08-A813473C5FC0}.Release|Any CPU.Build.0 = Release|Any CPU
		{A6C3C9F5-8CFC-4BF7-B2E6-7A4929762CE8}.Debug|Any CPU.ActiveCfg = Debug|Any CPU
		{A6C3C9F5-8CFC-4BF7-B2E6-7A4929762CE8}.Debug|Any CPU.Build.0 = Debug|Any CPU
		{A6C3C9F5-8CFC-4BF7-B2E6-7A4929762CE8}.Release|Any CPU.ActiveCfg = Release|Any CPU
		{A6C3C9F5-8CFC-4BF7-B2E6-7A4929762CE8}.Release|Any CPU.Build.0 = Release|Any CPU
		{32EB9558-613F-497B-9C2A-C5AB4F66D3BF}.Debug|Any CPU.ActiveCfg = Debug|Any CPU
		{32EB9558-613F-497B-9C2A-C5AB4F66D3BF}.Debug|Any CPU.Build.0 = Debug|Any CPU
		{32EB9558-613F-497B-9C2A-C5AB4F66D3BF}.Release|Any CPU.ActiveCfg = Release|Any CPU
		{32EB9558-613F-497B-9C2A-C5AB4F66D3BF}.Release|Any CPU.Build.0 = Release|Any CPU
		{BAE6A3C8-A65A-4A10-987B-DFC41EF99952}.Debug|Any CPU.ActiveCfg = Debug|Any CPU
		{BAE6A3C8-A65A-4A10-987B-DFC41EF99952}.Debug|Any CPU.Build.0 = Debug|Any CPU
		{BAE6A3C8-A65A-4A10-987B-DFC41EF99952}.Release|Any CPU.ActiveCfg = Release|Any CPU
		{BAE6A3C8-A65A-4A10-987B-DFC41EF99952}.Release|Any CPU.Build.0 = Release|Any CPU
		{227F5373-D150-47EB-8B41-F9E1E23914FB}.Debug|Any CPU.ActiveCfg = Debug|Any CPU
		{227F5373-D150-47EB-8B41-F9E1E23914FB}.Debug|Any CPU.Build.0 = Debug|Any CPU
		{227F5373-D150-47EB-8B41-F9E1E23914FB}.Release|Any CPU.ActiveCfg = Release|Any CPU
		{227F5373-D150-47EB-8B41-F9E1E23914FB}.Release|Any CPU.Build.0 = Release|Any CPU
		{D9713D9F-3052-4A18-8023-1D69D1F260FA}.Debug|Any CPU.ActiveCfg = Debug|Any CPU
		{D9713D9F-3052-4A18-8023-1D69D1F260FA}.Debug|Any CPU.Build.0 = Debug|Any CPU
		{D9713D9F-3052-4A18-8023-1D69D1F260FA}.Release|Any CPU.ActiveCfg = Release|Any CPU
		{D9713D9F-3052-4A18-8023-1D69D1F260FA}.Release|Any CPU.Build.0 = Release|Any CPU
		{9E069C50-6776-4D2C-9566-2580A011738E}.Debug|Any CPU.ActiveCfg = Debug|Any CPU
		{9E069C50-6776-4D2C-9566-2580A011738E}.Debug|Any CPU.Build.0 = Debug|Any CPU
		{9E069C50-6776-4D2C-9566-2580A011738E}.Release|Any CPU.ActiveCfg = Release|Any CPU
		{9E069C50-6776-4D2C-9566-2580A011738E}.Release|Any CPU.Build.0 = Release|Any CPU
	EndGlobalSection
	GlobalSection(SolutionProperties) = preSolution
		HideSolutionNode = FALSE
	EndGlobalSection
	GlobalSection(ExtensibilityGlobals) = postSolution
		SolutionGuid = {600D19D6-1627-43A0-9556-0D1BF24D18C3}
	EndGlobalSection
EndGlobal
